// !$*UTF8*$!
{
	archiveVersion = 1;
	classes = {
	};
	objectVersion = 52;
	objects = {

/* Begin PBXBuildFile section */
		2727EF3725D6FDB80064380C /* SidebarCategory.swift in Sources */ = {isa = PBXBuildFile; fileRef = 2727EF3625D6FDB80064380C /* SidebarCategory.swift */; };
		2727F03C25D7DE550064380C /* CoreUIExt.swift in Sources */ = {isa = PBXBuildFile; fileRef = C15A4E4325AC7D72008C70E3 /* CoreUIExt.swift */; };
		2727F03D25D7DE550064380C /* CoreSVG.swift in Sources */ = {isa = PBXBuildFile; fileRef = 27308B8825D59459008494FA /* CoreSVG.swift */; };
		2727F03E25D7DE550064380C /* Car.swift in Sources */ = {isa = PBXBuildFile; fileRef = C157BFE125A85BFA00807357 /* Car.swift */; };
		2727F03F25D7DE550064380C /* Errors.swift in Sources */ = {isa = PBXBuildFile; fileRef = C157BFF225A86CFC00807357 /* Errors.swift */; };
		2727F04025D7DE550064380C /* CartoolKit.h in Headers */ = {isa = PBXBuildFile; fileRef = C10B9AF825A6F93700B19334 /* CartoolKit.h */; settings = {ATTRIBUTES = (Public, ); }; };
		2727F04125D7DE550064380C /* CarReader.swift in Sources */ = {isa = PBXBuildFile; fileRef = C157BFC325A81B8900807357 /* CarReader.swift */; };
		2727F04325D7DE550064380C /* CocoaExt.swift in Sources */ = {isa = PBXBuildFile; fileRef = C15A4EFF25AD7587008C70E3 /* CocoaExt.swift */; };
		2727F08725D7ECD70064380C /* ArgumentParser in Frameworks */ = {isa = PBXBuildFile; productRef = 2727F08625D7ECD70064380C /* ArgumentParser */; };
		2727F0D125D7EF510064380C /* CoreUI.framework in Frameworks */ = {isa = PBXBuildFile; fileRef = C1D5EEA725A70AD800EF4798 /* CoreUI.framework */; };
		2727F0D225D7EF530064380C /* CoreThemeDefinition.framework in Frameworks */ = {isa = PBXBuildFile; fileRef = C1F9191525AF10F200E7A24F /* CoreThemeDefinition.framework */; };
		2727F0F925D7F1990064380C /* CartoolKit.framework in Frameworks */ = {isa = PBXBuildFile; fileRef = C10B9AF625A6F93700B19334 /* CartoolKit.framework */; };
		2727F0FA25D7F1990064380C /* CartoolKit.framework in Embed Frameworks */ = {isa = PBXBuildFile; fileRef = C10B9AF625A6F93700B19334 /* CartoolKit.framework */; settings = {ATTRIBUTES = (CodeSignOnCopy, RemoveHeadersOnCopy, ); }; };
		2727F12F25D7F2D50064380C /* Rendition.swift in Sources */ = {isa = PBXBuildFile; fileRef = C15A4E5925AC8BC7008C70E3 /* Rendition.swift */; };
		2727F14C25D7F3890064380C /* CoreUI.framework in Frameworks */ = {isa = PBXBuildFile; fileRef = C1D5EEA725A70AD800EF4798 /* CoreUI.framework */; };
		2727F14D25D7F3890064380C /* CoreUI.framework in Embed Frameworks */ = {isa = PBXBuildFile; fileRef = C1D5EEA725A70AD800EF4798 /* CoreUI.framework */; settings = {ATTRIBUTES = (CodeSignOnCopy, RemoveHeadersOnCopy, ); }; };
		2727F14E25D7F3890064380C /* CoreThemeDefinition.framework in Frameworks */ = {isa = PBXBuildFile; fileRef = C1F9191525AF10F200E7A24F /* CoreThemeDefinition.framework */; };
		2727F14F25D7F3890064380C /* CoreThemeDefinition.framework in Embed Frameworks */ = {isa = PBXBuildFile; fileRef = C1F9191525AF10F200E7A24F /* CoreThemeDefinition.framework */; settings = {ATTRIBUTES = (CodeSignOnCopy, RemoveHeadersOnCopy, ); }; };
		2727F15625D7F3B80064380C /* libCartooldt.a in Frameworks */ = {isa = PBXBuildFile; fileRef = 2727F01B25D7DDDB0064380C /* libCartooldt.a */; };
		27308B8925D59459008494FA /* CoreSVG.swift in Sources */ = {isa = PBXBuildFile; fileRef = 27308B8825D59459008494FA /* CoreSVG.swift */; };
		27806C8525D5042B0007A62B /* RenditionViewController.swift in Sources */ = {isa = PBXBuildFile; fileRef = 27806C8425D5042B0007A62B /* RenditionViewController.swift */; };
		27A52C0625D6A670004DDAAB /* MainPageInteractor.swift in Sources */ = {isa = PBXBuildFile; fileRef = 27A52C0525D6A670004DDAAB /* MainPageInteractor.swift */; };
		27A52C1425D6AE76004DDAAB /* SidebarViewItem.swift in Sources */ = {isa = PBXBuildFile; fileRef = 27A52C1325D6AE76004DDAAB /* SidebarViewItem.swift */; };
		27A52C1C25D6AE96004DDAAB /* SidebarViewItem.xib in Resources */ = {isa = PBXBuildFile; fileRef = 27A52C1B25D6AE96004DDAAB /* SidebarViewItem.xib */; };
		27A52C4225D6B989004DDAAB /* SidebarLayout.swift in Sources */ = {isa = PBXBuildFile; fileRef = 27A52C4125D6B989004DDAAB /* SidebarLayout.swift */; };
		27A52C5C25D6C2B5004DDAAB /* CocoaExt.swift in Sources */ = {isa = PBXBuildFile; fileRef = 27A52C5B25D6C2B5004DDAAB /* CocoaExt.swift */; };
		C13D2BA225B000C1004894E8 /* MainPageViewController.swift in Sources */ = {isa = PBXBuildFile; fileRef = C13D2BA125B000B6004894E8 /* MainPageViewController.swift */; };
		C157BDC825A71AD800807357 /* CartoolKit.h in Headers */ = {isa = PBXBuildFile; fileRef = C10B9AF825A6F93700B19334 /* CartoolKit.h */; settings = {ATTRIBUTES = (Public, ); }; };
		C157BFC425A81B8900807357 /* CarReader.swift in Sources */ = {isa = PBXBuildFile; fileRef = C157BFC325A81B8900807357 /* CarReader.swift */; };
		C157BFE225A85BFA00807357 /* Car.swift in Sources */ = {isa = PBXBuildFile; fileRef = C157BFE125A85BFA00807357 /* Car.swift */; };
		C157BFF325A86CFC00807357 /* Errors.swift in Sources */ = {isa = PBXBuildFile; fileRef = C157BFF225A86CFC00807357 /* Errors.swift */; };
		C157C05325AC223D00807357 /* Assets.xcassets in Resources */ = {isa = PBXBuildFile; fileRef = C157C04925AC223D00807357 /* Assets.xcassets */; };
		C157C05525AC223D00807357 /* Main.storyboard in Resources */ = {isa = PBXBuildFile; fileRef = C157C04B25AC223D00807357 /* Main.storyboard */; };
		C157C05625AC223D00807357 /* AppDelegate.swift in Sources */ = {isa = PBXBuildFile; fileRef = C157C04E25AC223D00807357 /* AppDelegate.swift */; };
		C157C05725AC223D00807357 /* Unarchiver.swift in Sources */ = {isa = PBXBuildFile; fileRef = C157C04F25AC223D00807357 /* Unarchiver.swift */; };
		C157C08325AC226F00807357 /* ProTests.swift in Sources */ = {isa = PBXBuildFile; fileRef = C157C04A25AC223D00807357 /* ProTests.swift */; };
		C157C08C25AC227A00807357 /* UITests.swift in Sources */ = {isa = PBXBuildFile; fileRef = C157C04825AC223D00807357 /* UITests.swift */; };
		C157C0B225AC231700807357 /* CartoolKitTests.swift in Sources */ = {isa = PBXBuildFile; fileRef = C157C0B125AC231700807357 /* CartoolKitTests.swift */; };
		C15A4E4425AC7D72008C70E3 /* CoreUIExt.swift in Sources */ = {isa = PBXBuildFile; fileRef = C15A4E4325AC7D72008C70E3 /* CoreUIExt.swift */; };
		C15A4E5A25AC8BC7008C70E3 /* Rendition.swift in Sources */ = {isa = PBXBuildFile; fileRef = C15A4E5925AC8BC7008C70E3 /* Rendition.swift */; };
		C15A4E7125AC8F90008C70E3 /* MainWindowController.swift in Sources */ = {isa = PBXBuildFile; fileRef = C15A4E6525AC8F88008C70E3 /* MainWindowController.swift */; };
		C15A4E8C25AC91F7008C70E3 /* SidebarViewController.swift in Sources */ = {isa = PBXBuildFile; fileRef = C15A4E8B25AC91F7008C70E3 /* SidebarViewController.swift */; };
		C15A4E9825AC92CB008C70E3 /* RenditionViewItem.swift in Sources */ = {isa = PBXBuildFile; fileRef = C15A4E9725AC92CB008C70E3 /* RenditionViewItem.swift */; };
		C15A4E9F25AC92E8008C70E3 /* RenditionCollectionLayout.swift in Sources */ = {isa = PBXBuildFile; fileRef = C15A4E9E25AC92E8008C70E3 /* RenditionCollectionLayout.swift */; };
		C15A4EA625AC935C008C70E3 /* CollectionViewDataProvider.swift in Sources */ = {isa = PBXBuildFile; fileRef = C15A4EA525AC935C008C70E3 /* CollectionViewDataProvider.swift */; };
		C15A4EC925AD5317008C70E3 /* RenditionViewItem.xib in Resources */ = {isa = PBXBuildFile; fileRef = C15A4EC825AD5313008C70E3 /* RenditionViewItem.xib */; };
		C18B621125AEB096009BF36D /* SharedPreference.swift in Sources */ = {isa = PBXBuildFile; fileRef = C18B621025AEB092009BF36D /* SharedPreference.swift */; };
		C1AA96FF25A718FB008D743F /* CoreUI.framework in Frameworks */ = {isa = PBXBuildFile; fileRef = C1D5EEA725A70AD800EF4798 /* CoreUI.framework */; };
		C1E7506A258349C200395B8B /* Quartz.framework in Frameworks */ = {isa = PBXBuildFile; fileRef = C1E75069258349C200395B8B /* Quartz.framework */; };
		C1E7506D258349C200395B8B /* PreviewViewController.swift in Sources */ = {isa = PBXBuildFile; fileRef = C1E7506C258349C200395B8B /* PreviewViewController.swift */; };
		C1E75070258349C200395B8B /* PreviewViewController.xib in Resources */ = {isa = PBXBuildFile; fileRef = C1E7506E258349C200395B8B /* PreviewViewController.xib */; };
		C1E750FA258351E800395B8B /* main.swift in Sources */ = {isa = PBXBuildFile; fileRef = C1E750F9258351E700395B8B /* main.swift */; };
		C1F918C525AEE67200E7A24F /* Document.swift in Sources */ = {isa = PBXBuildFile; fileRef = C1F918BF25AEE55B00E7A24F /* Document.swift */; };
		C1F918E825AEEF9800E7A24F /* DocumentController.swift in Sources */ = {isa = PBXBuildFile; fileRef = C1F918D725AEEB8900E7A24F /* DocumentController.swift */; };
		C1F918F325AEEFF600E7A24F /* CocoaExt.swift in Sources */ = {isa = PBXBuildFile; fileRef = C15A4EFF25AD7587008C70E3 /* CocoaExt.swift */; };
		C1F9191625AF10F200E7A24F /* CoreThemeDefinition.framework in Frameworks */ = {isa = PBXBuildFile; fileRef = C1F9191525AF10F200E7A24F /* CoreThemeDefinition.framework */; };
		C1F9192525AF1FD500E7A24F /* RenditionCollectionViewController.swift in Sources */ = {isa = PBXBuildFile; fileRef = C15A4EE925AD5A57008C70E3 /* RenditionCollectionViewController.swift */; };
/* End PBXBuildFile section */

/* Begin PBXContainerItemProxy section */
		2727F0FB25D7F1990064380C /* PBXContainerItemProxy */ = {
			isa = PBXContainerItemProxy;
			containerPortal = C1E7501C258342AB00395B8B /* Project object */;
			proxyType = 1;
			remoteGlobalIDString = C10B9AF525A6F93700B19334;
			remoteInfo = CartoolKit;
		};
		2727F15725D7F3B80064380C /* PBXContainerItemProxy */ = {
			isa = PBXContainerItemProxy;
			containerPortal = C1E7501C258342AB00395B8B /* Project object */;
			proxyType = 1;
			remoteGlobalIDString = 2727F01A25D7DDDB0064380C;
			remoteInfo = Cartool;
		};
		C1E7508E25834C7700395B8B /* PBXContainerItemProxy */ = {
			isa = PBXContainerItemProxy;
			containerPortal = C1E7501C258342AB00395B8B /* Project object */;
			proxyType = 1;
			remoteGlobalIDString = C1E7507B25834C7600395B8B;
			remoteInfo = "Final Car Pro";
		};
		C1E7509925834C7700395B8B /* PBXContainerItemProxy */ = {
			isa = PBXContainerItemProxy;
			containerPortal = C1E7501C258342AB00395B8B /* Project object */;
			proxyType = 1;
			remoteGlobalIDString = C1E7507B25834C7600395B8B;
			remoteInfo = "Final Car Pro";
		};
		C1F9193025AF1FF300E7A24F /* PBXContainerItemProxy */ = {
			isa = PBXContainerItemProxy;
			containerPortal = C1E7501C258342AB00395B8B /* Project object */;
			proxyType = 1;
			remoteGlobalIDString = C10B9AF525A6F93700B19334;
			remoteInfo = CartoolKit;
		};
/* End PBXContainerItemProxy section */

/* Begin PBXCopyFilesBuildPhase section */
		2727F0FD25D7F1990064380C /* Embed Frameworks */ = {
			isa = PBXCopyFilesBuildPhase;
			buildActionMask = 2147483647;
			dstPath = "";
			dstSubfolderSpec = 10;
			files = (
				2727F0FA25D7F1990064380C /* CartoolKit.framework in Embed Frameworks */,
			);
			name = "Embed Frameworks";
			runOnlyForDeploymentPostprocessing = 0;
		};
		2727F15025D7F3890064380C /* Embed Frameworks */ = {
			isa = PBXCopyFilesBuildPhase;
			buildActionMask = 2147483647;
			dstPath = "";
			dstSubfolderSpec = 10;
			files = (
				2727F14F25D7F3890064380C /* CoreThemeDefinition.framework in Embed Frameworks */,
				2727F14D25D7F3890064380C /* CoreUI.framework in Embed Frameworks */,
			);
			name = "Embed Frameworks";
			runOnlyForDeploymentPostprocessing = 0;
		};
		C1E75022258342AC00395B8B /* CopyFiles */ = {
			isa = PBXCopyFilesBuildPhase;
			buildActionMask = 2147483647;
			dstPath = /usr/share/man/man1/;
			dstSubfolderSpec = 0;
			files = (
			);
			runOnlyForDeploymentPostprocessing = 1;
		};
		C1E750D825834DE200395B8B /* Embed App Extensions */ = {
			isa = PBXCopyFilesBuildPhase;
			buildActionMask = 2147483647;
			dstPath = "";
			dstSubfolderSpec = 13;
			files = (
			);
			name = "Embed App Extensions";
			runOnlyForDeploymentPostprocessing = 0;
		};
/* End PBXCopyFilesBuildPhase section */

/* Begin PBXFileReference section */
		2727EF3625D6FDB80064380C /* SidebarCategory.swift */ = {isa = PBXFileReference; lastKnownFileType = sourcecode.swift; path = SidebarCategory.swift; sourceTree = "<group>"; };
		2727F01B25D7DDDB0064380C /* libCartooldt.a */ = {isa = PBXFileReference; explicitFileType = archive.ar; includeInIndex = 0; path = libCartooldt.a; sourceTree = BUILT_PRODUCTS_DIR; };
		27308B8825D59459008494FA /* CoreSVG.swift */ = {isa = PBXFileReference; lastKnownFileType = sourcecode.swift; path = CoreSVG.swift; sourceTree = "<group>"; };
		27806C8425D5042B0007A62B /* RenditionViewController.swift */ = {isa = PBXFileReference; lastKnownFileType = sourcecode.swift; path = RenditionViewController.swift; sourceTree = "<group>"; };
		27A52C0525D6A670004DDAAB /* MainPageInteractor.swift */ = {isa = PBXFileReference; lastKnownFileType = sourcecode.swift; path = MainPageInteractor.swift; sourceTree = "<group>"; };
		27A52C1325D6AE76004DDAAB /* SidebarViewItem.swift */ = {isa = PBXFileReference; lastKnownFileType = sourcecode.swift; path = SidebarViewItem.swift; sourceTree = "<group>"; };
		27A52C1B25D6AE96004DDAAB /* SidebarViewItem.xib */ = {isa = PBXFileReference; fileEncoding = 4; lastKnownFileType = file.xib; path = SidebarViewItem.xib; sourceTree = "<group>"; };
		27A52C4125D6B989004DDAAB /* SidebarLayout.swift */ = {isa = PBXFileReference; lastKnownFileType = sourcecode.swift; path = SidebarLayout.swift; sourceTree = "<group>"; };
		27A52C5B25D6C2B5004DDAAB /* CocoaExt.swift */ = {isa = PBXFileReference; lastKnownFileType = sourcecode.swift; path = CocoaExt.swift; sourceTree = "<group>"; };
		C10B9AF625A6F93700B19334 /* CartoolKit.framework */ = {isa = PBXFileReference; explicitFileType = wrapper.framework; includeInIndex = 0; path = CartoolKit.framework; sourceTree = BUILT_PRODUCTS_DIR; };
		C10B9AF825A6F93700B19334 /* CartoolKit.h */ = {isa = PBXFileReference; lastKnownFileType = sourcecode.c.h; path = CartoolKit.h; sourceTree = "<group>"; };
		C10B9AF925A6F93700B19334 /* Info.plist */ = {isa = PBXFileReference; lastKnownFileType = text.plist.xml; path = Info.plist; sourceTree = "<group>"; };
		C13D2BA125B000B6004894E8 /* MainPageViewController.swift */ = {isa = PBXFileReference; lastKnownFileType = sourcecode.swift; path = MainPageViewController.swift; sourceTree = "<group>"; };
		C157BFC325A81B8900807357 /* CarReader.swift */ = {isa = PBXFileReference; fileEncoding = 4; lastKnownFileType = sourcecode.swift; path = CarReader.swift; sourceTree = "<group>"; };
		C157BFE125A85BFA00807357 /* Car.swift */ = {isa = PBXFileReference; lastKnownFileType = sourcecode.swift; path = Car.swift; sourceTree = "<group>"; };
		C157BFF225A86CFC00807357 /* Errors.swift */ = {isa = PBXFileReference; lastKnownFileType = sourcecode.swift; path = Errors.swift; sourceTree = "<group>"; };
		C157C04825AC223D00807357 /* UITests.swift */ = {isa = PBXFileReference; fileEncoding = 4; lastKnownFileType = sourcecode.swift; path = UITests.swift; sourceTree = "<group>"; };
		C157C04925AC223D00807357 /* Assets.xcassets */ = {isa = PBXFileReference; lastKnownFileType = folder.assetcatalog; path = Assets.xcassets; sourceTree = "<group>"; };
		C157C04A25AC223D00807357 /* ProTests.swift */ = {isa = PBXFileReference; fileEncoding = 4; lastKnownFileType = sourcecode.swift; path = ProTests.swift; sourceTree = "<group>"; };
		C157C04C25AC223D00807357 /* Base */ = {isa = PBXFileReference; lastKnownFileType = file.storyboard; name = Base; path = Base.lproj/Main.storyboard; sourceTree = "<group>"; };
		C157C04D25AC223D00807357 /* FinalCarPro.entitlements */ = {isa = PBXFileReference; fileEncoding = 4; lastKnownFileType = text.plist.entitlements; path = FinalCarPro.entitlements; sourceTree = "<group>"; };
		C157C04E25AC223D00807357 /* AppDelegate.swift */ = {isa = PBXFileReference; fileEncoding = 4; lastKnownFileType = sourcecode.swift; path = AppDelegate.swift; sourceTree = "<group>"; };
		C157C04F25AC223D00807357 /* Unarchiver.swift */ = {isa = PBXFileReference; fileEncoding = 4; lastKnownFileType = sourcecode.swift; path = Unarchiver.swift; sourceTree = "<group>"; };
		C157C05025AC223D00807357 /* Info.plist */ = {isa = PBXFileReference; fileEncoding = 4; lastKnownFileType = text.plist.xml; path = Info.plist; sourceTree = "<group>"; };
		C157C06225AC224A00807357 /* Info.plist */ = {isa = PBXFileReference; fileEncoding = 4; lastKnownFileType = text.plist.xml; path = Info.plist; sourceTree = "<group>"; };
		C157C06D25AC225100807357 /* Info.plist */ = {isa = PBXFileReference; fileEncoding = 4; lastKnownFileType = text.plist.xml; path = Info.plist; sourceTree = "<group>"; };
		C157C0B125AC231700807357 /* CartoolKitTests.swift */ = {isa = PBXFileReference; lastKnownFileType = sourcecode.swift; path = CartoolKitTests.swift; sourceTree = "<group>"; };
		C15A4E4325AC7D72008C70E3 /* CoreUIExt.swift */ = {isa = PBXFileReference; lastKnownFileType = sourcecode.swift; path = CoreUIExt.swift; sourceTree = "<group>"; };
		C15A4E5925AC8BC7008C70E3 /* Rendition.swift */ = {isa = PBXFileReference; lastKnownFileType = sourcecode.swift; path = Rendition.swift; sourceTree = "<group>"; };
		C15A4E6525AC8F88008C70E3 /* MainWindowController.swift */ = {isa = PBXFileReference; lastKnownFileType = sourcecode.swift; path = MainWindowController.swift; sourceTree = "<group>"; };
		C15A4E8B25AC91F7008C70E3 /* SidebarViewController.swift */ = {isa = PBXFileReference; lastKnownFileType = sourcecode.swift; path = SidebarViewController.swift; sourceTree = "<group>"; };
		C15A4E9725AC92CB008C70E3 /* RenditionViewItem.swift */ = {isa = PBXFileReference; lastKnownFileType = sourcecode.swift; path = RenditionViewItem.swift; sourceTree = "<group>"; };
		C15A4E9E25AC92E8008C70E3 /* RenditionCollectionLayout.swift */ = {isa = PBXFileReference; lastKnownFileType = sourcecode.swift; path = RenditionCollectionLayout.swift; sourceTree = "<group>"; };
		C15A4EA525AC935C008C70E3 /* CollectionViewDataProvider.swift */ = {isa = PBXFileReference; lastKnownFileType = sourcecode.swift; path = CollectionViewDataProvider.swift; sourceTree = "<group>"; };
		C15A4EC825AD5313008C70E3 /* RenditionViewItem.xib */ = {isa = PBXFileReference; lastKnownFileType = file.xib; path = RenditionViewItem.xib; sourceTree = "<group>"; };
		C15A4EE925AD5A57008C70E3 /* RenditionCollectionViewController.swift */ = {isa = PBXFileReference; lastKnownFileType = sourcecode.swift; path = RenditionCollectionViewController.swift; sourceTree = "<group>"; };
		C15A4EFF25AD7587008C70E3 /* CocoaExt.swift */ = {isa = PBXFileReference; lastKnownFileType = sourcecode.swift; path = CocoaExt.swift; sourceTree = "<group>"; };
		C18B621025AEB092009BF36D /* SharedPreference.swift */ = {isa = PBXFileReference; lastKnownFileType = sourcecode.swift; path = SharedPreference.swift; sourceTree = "<group>"; };
		C18D052F25A7014B006E7EB9 /* Cartools.xcconfig */ = {isa = PBXFileReference; lastKnownFileType = text.xcconfig; path = Cartools.xcconfig; sourceTree = "<group>"; };
		C1AA96D725A714E5008D743F /* PrivateFrameworks.xcconfig */ = {isa = PBXFileReference; fileEncoding = 4; lastKnownFileType = text.xcconfig; path = PrivateFrameworks.xcconfig; sourceTree = "<group>"; };
		C1D5EEA725A70AD800EF4798 /* CoreUI.framework */ = {isa = PBXFileReference; lastKnownFileType = wrapper.framework; name = CoreUI.framework; path = /System/Library/PrivateFrameworks/CoreUI.framework; sourceTree = "<absolute>"; };
		C1E75024258342AC00395B8B /* cartool */ = {isa = PBXFileReference; explicitFileType = "compiled.mach-o.executable"; includeInIndex = 0; path = cartool; sourceTree = BUILT_PRODUCTS_DIR; };
		C1E75067258349C200395B8B /* CarPreview.appex */ = {isa = PBXFileReference; explicitFileType = "wrapper.app-extension"; includeInIndex = 0; path = CarPreview.appex; sourceTree = BUILT_PRODUCTS_DIR; };
		C1E75069258349C200395B8B /* Quartz.framework */ = {isa = PBXFileReference; lastKnownFileType = wrapper.framework; name = Quartz.framework; path = System/Library/Frameworks/Quartz.framework; sourceTree = SDKROOT; };
		C1E7506C258349C200395B8B /* PreviewViewController.swift */ = {isa = PBXFileReference; lastKnownFileType = sourcecode.swift; path = PreviewViewController.swift; sourceTree = "<group>"; };
		C1E7506F258349C200395B8B /* Base */ = {isa = PBXFileReference; lastKnownFileType = file.xib; name = Base; path = Base.lproj/PreviewViewController.xib; sourceTree = "<group>"; };
		C1E75071258349C200395B8B /* Info.plist */ = {isa = PBXFileReference; lastKnownFileType = text.plist.xml; path = Info.plist; sourceTree = "<group>"; };
		C1E75072258349C200395B8B /* CarPreview.entitlements */ = {isa = PBXFileReference; lastKnownFileType = text.plist.entitlements; path = CarPreview.entitlements; sourceTree = "<group>"; };
		C1E7507C25834C7600395B8B /* Final Car Pro.app */ = {isa = PBXFileReference; explicitFileType = wrapper.application; includeInIndex = 0; path = "Final Car Pro.app"; sourceTree = BUILT_PRODUCTS_DIR; };
		C1E7508D25834C7700395B8B /* ProTests.xctest */ = {isa = PBXFileReference; explicitFileType = wrapper.cfbundle; includeInIndex = 0; path = ProTests.xctest; sourceTree = BUILT_PRODUCTS_DIR; };
		C1E7509825834C7700395B8B /* ProUITests.xctest */ = {isa = PBXFileReference; explicitFileType = wrapper.cfbundle; includeInIndex = 0; path = ProUITests.xctest; sourceTree = BUILT_PRODUCTS_DIR; };
		C1E750F9258351E700395B8B /* main.swift */ = {isa = PBXFileReference; lastKnownFileType = sourcecode.swift; path = main.swift; sourceTree = "<group>"; };
		C1F918BF25AEE55B00E7A24F /* Document.swift */ = {isa = PBXFileReference; lastKnownFileType = sourcecode.swift; path = Document.swift; sourceTree = "<group>"; };
		C1F918D725AEEB8900E7A24F /* DocumentController.swift */ = {isa = PBXFileReference; lastKnownFileType = sourcecode.swift; path = DocumentController.swift; sourceTree = "<group>"; };
		C1F9191525AF10F200E7A24F /* CoreThemeDefinition.framework */ = {isa = PBXFileReference; lastKnownFileType = wrapper.framework; name = CoreThemeDefinition.framework; path = /System/Library/PrivateFrameworks/CoreThemeDefinition.framework; sourceTree = "<absolute>"; };
/* End PBXFileReference section */

/* Begin PBXFrameworksBuildPhase section */
		2727F01925D7DDDB0064380C /* Frameworks */ = {
			isa = PBXFrameworksBuildPhase;
			buildActionMask = 2147483647;
			files = (
				2727F0D125D7EF510064380C /* CoreUI.framework in Frameworks */,
				2727F0D225D7EF530064380C /* CoreThemeDefinition.framework in Frameworks */,
			);
			runOnlyForDeploymentPostprocessing = 0;
		};
		C10B9AF325A6F93700B19334 /* Frameworks */ = {
			isa = PBXFrameworksBuildPhase;
			buildActionMask = 2147483647;
			files = (
				C1F9191625AF10F200E7A24F /* CoreThemeDefinition.framework in Frameworks */,
				C1AA96FF25A718FB008D743F /* CoreUI.framework in Frameworks */,
			);
			runOnlyForDeploymentPostprocessing = 0;
		};
		C1E75021258342AC00395B8B /* Frameworks */ = {
			isa = PBXFrameworksBuildPhase;
			buildActionMask = 2147483647;
			files = (
				2727F08725D7ECD70064380C /* ArgumentParser in Frameworks */,
				2727F14E25D7F3890064380C /* CoreThemeDefinition.framework in Frameworks */,
				2727F15625D7F3B80064380C /* libCartooldt.a in Frameworks */,
				2727F14C25D7F3890064380C /* CoreUI.framework in Frameworks */,
			);
			runOnlyForDeploymentPostprocessing = 0;
		};
		C1E75064258349C200395B8B /* Frameworks */ = {
			isa = PBXFrameworksBuildPhase;
			buildActionMask = 2147483647;
			files = (
				C1E7506A258349C200395B8B /* Quartz.framework in Frameworks */,
			);
			runOnlyForDeploymentPostprocessing = 0;
		};
		C1E7507925834C7600395B8B /* Frameworks */ = {
			isa = PBXFrameworksBuildPhase;
			buildActionMask = 2147483647;
			files = (
				2727F0F925D7F1990064380C /* CartoolKit.framework in Frameworks */,
			);
			runOnlyForDeploymentPostprocessing = 0;
		};
		C1E7508A25834C7700395B8B /* Frameworks */ = {
			isa = PBXFrameworksBuildPhase;
			buildActionMask = 2147483647;
			files = (
			);
			runOnlyForDeploymentPostprocessing = 0;
		};
		C1E7509525834C7700395B8B /* Frameworks */ = {
			isa = PBXFrameworksBuildPhase;
			buildActionMask = 2147483647;
			files = (
			);
			runOnlyForDeploymentPostprocessing = 0;
		};
/* End PBXFrameworksBuildPhase section */

/* Begin PBXGroup section */
		27308B4325D55F8D008494FA /* MainPage */ = {
			isa = PBXGroup;
			children = (
				C13D2BA125B000B6004894E8 /* MainPageViewController.swift */,
				27A52C0525D6A670004DDAAB /* MainPageInteractor.swift */,
				C15A4EA525AC935C008C70E3 /* CollectionViewDataProvider.swift */,
				C15A4EDE25AD5999008C70E3 /* Sidebar */,
				C15A4EAC25AC9384008C70E3 /* RenditionCollection */,
				27806C8C25D5043B0007A62B /* Rendition */,
			);
			name = MainPage;
			sourceTree = "<group>";
		};
		27806C8C25D5043B0007A62B /* Rendition */ = {
			isa = PBXGroup;
			children = (
				27806C8425D5042B0007A62B /* RenditionViewController.swift */,
			);
			name = Rendition;
			sourceTree = "<group>";
		};
		C10B9AF725A6F93700B19334 /* cartooldt */ = {
			isa = PBXGroup;
			children = (
				C10B9AF825A6F93700B19334 /* CartoolKit.h */,
				C157BFE125A85BFA00807357 /* Car.swift */,
				C157BFC325A81B8900807357 /* CarReader.swift */,
				C15A4E5925AC8BC7008C70E3 /* Rendition.swift */,
				C157BFF225A86CFC00807357 /* Errors.swift */,
				C15A4EFF25AD7587008C70E3 /* CocoaExt.swift */,
				C15A4E4325AC7D72008C70E3 /* CoreUIExt.swift */,
				27308B8825D59459008494FA /* CoreSVG.swift */,
				C10B9AF925A6F93700B19334 /* Info.plist */,
			);
			path = cartooldt;
			sourceTree = "<group>";
		};
		C13D2BA725B00134004894E8 /* Application */ = {
			isa = PBXGroup;
			children = (
				C157C04E25AC223D00807357 /* AppDelegate.swift */,
				C18B621025AEB092009BF36D /* SharedPreference.swift */,
				C1F918D725AEEB8900E7A24F /* DocumentController.swift */,
				C1F918BF25AEE55B00E7A24F /* Document.swift */,
				C15A4E6525AC8F88008C70E3 /* MainWindowController.swift */,
				C157C04F25AC223D00807357 /* Unarchiver.swift */,
				27A52C5B25D6C2B5004DDAAB /* CocoaExt.swift */,
			);
			name = Application;
			sourceTree = "<group>";
		};
		C157C04625AC223D00807357 /* CarPro */ = {
			isa = PBXGroup;
			children = (
				C157C04925AC223D00807357 /* Assets.xcassets */,
				C157C04B25AC223D00807357 /* Main.storyboard */,
				C13D2BA725B00134004894E8 /* Application */,
				27308B4325D55F8D008494FA /* MainPage */,
				C157C05025AC223D00807357 /* Info.plist */,
				C157C04D25AC223D00807357 /* FinalCarPro.entitlements */,
			);
			path = CarPro;
			sourceTree = "<group>";
		};
		C157C06125AC224A00807357 /* Tests */ = {
			isa = PBXGroup;
			children = (
				C157C0B125AC231700807357 /* CartoolKitTests.swift */,
				C157C04A25AC223D00807357 /* ProTests.swift */,
				C157C06225AC224A00807357 /* Info.plist */,
			);
			path = Tests;
			sourceTree = "<group>";
		};
		C157C06C25AC225100807357 /* UITests */ = {
			isa = PBXGroup;
			children = (
				C157C04825AC223D00807357 /* UITests.swift */,
				C157C06D25AC225100807357 /* Info.plist */,
			);
			path = UITests;
			sourceTree = "<group>";
		};
		C15A4EAC25AC9384008C70E3 /* RenditionCollection */ = {
			isa = PBXGroup;
			children = (
				C15A4E9725AC92CB008C70E3 /* RenditionViewItem.swift */,
				C15A4EC825AD5313008C70E3 /* RenditionViewItem.xib */,
				C15A4E9E25AC92E8008C70E3 /* RenditionCollectionLayout.swift */,
				C15A4EE925AD5A57008C70E3 /* RenditionCollectionViewController.swift */,
			);
			name = RenditionCollection;
			sourceTree = "<group>";
		};
		C15A4EDE25AD5999008C70E3 /* Sidebar */ = {
			isa = PBXGroup;
			children = (
				27A52C1B25D6AE96004DDAAB /* SidebarViewItem.xib */,
				27A52C1325D6AE76004DDAAB /* SidebarViewItem.swift */,
				27A52C4125D6B989004DDAAB /* SidebarLayout.swift */,
				C15A4E8B25AC91F7008C70E3 /* SidebarViewController.swift */,
				2727EF3625D6FDB80064380C /* SidebarCategory.swift */,
			);
			name = Sidebar;
			sourceTree = "<group>";
		};
		C1E7501B258342AB00395B8B = {
			isa = PBXGroup;
			children = (
				C1AA96D725A714E5008D743F /* PrivateFrameworks.xcconfig */,
				C18D052F25A7014B006E7EB9 /* Cartools.xcconfig */,
				C10B9AF725A6F93700B19334 /* cartooldt */,
				C157C04625AC223D00807357 /* CarPro */,
				C1E7506B258349C200395B8B /* PreviewAppex */,
				C1E75026258342AC00395B8B /* CLI */,
				C157C06125AC224A00807357 /* Tests */,
				C157C06C25AC225100807357 /* UITests */,
				C1E75068258349C200395B8B /* Frameworks */,
				C1E75025258342AC00395B8B /* Products */,
			);
			sourceTree = "<group>";
		};
		C1E75025258342AC00395B8B /* Products */ = {
			isa = PBXGroup;
			children = (
				C1E75024258342AC00395B8B /* cartool */,
				C1E75067258349C200395B8B /* CarPreview.appex */,
				C1E7507C25834C7600395B8B /* Final Car Pro.app */,
				C1E7508D25834C7700395B8B /* ProTests.xctest */,
				C1E7509825834C7700395B8B /* ProUITests.xctest */,
				C10B9AF625A6F93700B19334 /* CartoolKit.framework */,
				2727F01B25D7DDDB0064380C /* libCartooldt.a */,
			);
			name = Products;
			sourceTree = "<group>";
		};
		C1E75026258342AC00395B8B /* CLI */ = {
			isa = PBXGroup;
			children = (
				C1E750F9258351E700395B8B /* main.swift */,
			);
			path = CLI;
			sourceTree = "<group>";
		};
		C1E75068258349C200395B8B /* Frameworks */ = {
			isa = PBXGroup;
			children = (
				C1E75069258349C200395B8B /* Quartz.framework */,
				C1D5EEA725A70AD800EF4798 /* CoreUI.framework */,
				C1F9191525AF10F200E7A24F /* CoreThemeDefinition.framework */,
			);
			name = Frameworks;
			sourceTree = "<group>";
		};
		C1E7506B258349C200395B8B /* PreviewAppex */ = {
			isa = PBXGroup;
			children = (
				C1E7506E258349C200395B8B /* PreviewViewController.xib */,
				C1E7506C258349C200395B8B /* PreviewViewController.swift */,
				C1E75072258349C200395B8B /* CarPreview.entitlements */,
				C1E75071258349C200395B8B /* Info.plist */,
			);
			path = PreviewAppex;
			sourceTree = "<group>";
		};
/* End PBXGroup section */

/* Begin PBXHeadersBuildPhase section */
		2727F01725D7DDDB0064380C /* Headers */ = {
			isa = PBXHeadersBuildPhase;
			buildActionMask = 2147483647;
			files = (
				2727F04025D7DE550064380C /* CartoolKit.h in Headers */,
			);
			runOnlyForDeploymentPostprocessing = 0;
		};
		C10B9AF125A6F93700B19334 /* Headers */ = {
			isa = PBXHeadersBuildPhase;
			buildActionMask = 2147483647;
			files = (
				C157BDC825A71AD800807357 /* CartoolKit.h in Headers */,
			);
			runOnlyForDeploymentPostprocessing = 0;
		};
/* End PBXHeadersBuildPhase section */

/* Begin PBXNativeTarget section */
		2727F01A25D7DDDB0064380C /* Cartooldt */ = {
			isa = PBXNativeTarget;
			buildConfigurationList = 2727F02325D7DDDB0064380C /* Build configuration list for PBXNativeTarget "Cartooldt" */;
			buildPhases = (
				2727F01725D7DDDB0064380C /* Headers */,
				2727F01825D7DDDB0064380C /* Sources */,
				2727F01925D7DDDB0064380C /* Frameworks */,
			);
			buildRules = (
			);
			dependencies = (
			);
			name = Cartooldt;
			productName = libcartool;
			productReference = 2727F01B25D7DDDB0064380C /* libCartooldt.a */;
			productType = "com.apple.product-type.library.static";
		};
		C10B9AF525A6F93700B19334 /* CartoolKit */ = {
			isa = PBXNativeTarget;
			buildConfigurationList = C10B9B0D25A6F93700B19334 /* Build configuration list for PBXNativeTarget "CartoolKit" */;
			buildPhases = (
				C10B9AF125A6F93700B19334 /* Headers */,
				C10B9AF225A6F93700B19334 /* Sources */,
				C10B9AF325A6F93700B19334 /* Frameworks */,
				C10B9AF425A6F93700B19334 /* Resources */,
			);
			buildRules = (
			);
			dependencies = (
			);
			name = CartoolKit;
			productName = CartoolKit;
			productReference = C10B9AF625A6F93700B19334 /* CartoolKit.framework */;
			productType = "com.apple.product-type.framework";
		};
		C1E75023258342AC00395B8B /* cartool */ = {
			isa = PBXNativeTarget;
			buildConfigurationList = C1E7502B258342AC00395B8B /* Build configuration list for PBXNativeTarget "cartool" */;
			buildPhases = (
				C1E75020258342AC00395B8B /* Sources */,
				C1E75021258342AC00395B8B /* Frameworks */,
				C1E75022258342AC00395B8B /* CopyFiles */,
				2727F15025D7F3890064380C /* Embed Frameworks */,
			);
			buildRules = (
			);
			dependencies = (
				2727F15825D7F3B80064380C /* PBXTargetDependency */,
			);
			name = cartool;
			packageProductDependencies = (
				2727F08625D7ECD70064380C /* ArgumentParser */,
			);
			productName = "swift-cartools";
			productReference = C1E75024258342AC00395B8B /* cartool */;
			productType = "com.apple.product-type.tool";
		};
		C1E75066258349C200395B8B /* CarPreview */ = {
			isa = PBXNativeTarget;
			buildConfigurationList = C1E75073258349C200395B8B /* Build configuration list for PBXNativeTarget "CarPreview" */;
			buildPhases = (
				C1E75063258349C200395B8B /* Sources */,
				C1E75064258349C200395B8B /* Frameworks */,
				C1E75065258349C200395B8B /* Resources */,
			);
			buildRules = (
			);
			dependencies = (
				C1F9193125AF1FF300E7A24F /* PBXTargetDependency */,
			);
			name = CarPreview;
			productName = CarPreview;
			productReference = C1E75067258349C200395B8B /* CarPreview.appex */;
			productType = "com.apple.product-type.app-extension";
		};
		C1E7507B25834C7600395B8B /* Final Car Pro */ = {
			isa = PBXNativeTarget;
			buildConfigurationList = C1E7509F25834C7700395B8B /* Build configuration list for PBXNativeTarget "Final Car Pro" */;
			buildPhases = (
				C1E7507825834C7600395B8B /* Sources */,
				C1E7507925834C7600395B8B /* Frameworks */,
				C1E7507A25834C7600395B8B /* Resources */,
				C1E750D825834DE200395B8B /* Embed App Extensions */,
				2727F0FD25D7F1990064380C /* Embed Frameworks */,
			);
			buildRules = (
			);
			dependencies = (
				2727F0FC25D7F1990064380C /* PBXTargetDependency */,
			);
			name = "Final Car Pro";
			productName = "Final Car Pro";
			productReference = C1E7507C25834C7600395B8B /* Final Car Pro.app */;
			productType = "com.apple.product-type.application";
		};
		C1E7508C25834C7700395B8B /* ProTests */ = {
			isa = PBXNativeTarget;
			buildConfigurationList = C1E750A225834C7700395B8B /* Build configuration list for PBXNativeTarget "ProTests" */;
			buildPhases = (
				C1E7508925834C7700395B8B /* Sources */,
				C1E7508A25834C7700395B8B /* Frameworks */,
				C1E7508B25834C7700395B8B /* Resources */,
			);
			buildRules = (
			);
			dependencies = (
				C1E7508F25834C7700395B8B /* PBXTargetDependency */,
			);
			name = ProTests;
			productName = "Final Car ProTests";
			productReference = C1E7508D25834C7700395B8B /* ProTests.xctest */;
			productType = "com.apple.product-type.bundle.unit-test";
		};
		C1E7509725834C7700395B8B /* ProUITests */ = {
			isa = PBXNativeTarget;
			buildConfigurationList = C1E750A525834C7700395B8B /* Build configuration list for PBXNativeTarget "ProUITests" */;
			buildPhases = (
				C1E7509425834C7700395B8B /* Sources */,
				C1E7509525834C7700395B8B /* Frameworks */,
				C1E7509625834C7700395B8B /* Resources */,
			);
			buildRules = (
			);
			dependencies = (
				C1E7509A25834C7700395B8B /* PBXTargetDependency */,
			);
			name = ProUITests;
			productName = "Final Car ProUITests";
			productReference = C1E7509825834C7700395B8B /* ProUITests.xctest */;
			productType = "com.apple.product-type.bundle.ui-testing";
		};
/* End PBXNativeTarget section */

/* Begin PBXProject section */
		C1E7501C258342AB00395B8B /* Project object */ = {
			isa = PBXProject;
			attributes = {
				LastSwiftUpdateCheck = 1230;
				LastUpgradeCheck = 1240;
				TargetAttributes = {
					2727F01A25D7DDDB0064380C = {
						CreatedOnToolsVersion = 12.4;
					};
					C10B9AF525A6F93700B19334 = {
						CreatedOnToolsVersion = 12.3;
						LastSwiftMigration = 1230;
					};
					C1E75023258342AC00395B8B = {
						CreatedOnToolsVersion = 12.2;
					};
					C1E75066258349C200395B8B = {
						CreatedOnToolsVersion = 12.2;
					};
					C1E7507B25834C7600395B8B = {
						CreatedOnToolsVersion = 12.2;
					};
					C1E7508C25834C7700395B8B = {
						CreatedOnToolsVersion = 12.2;
						TestTargetID = C1E7507B25834C7600395B8B;
					};
					C1E7509725834C7700395B8B = {
						CreatedOnToolsVersion = 12.2;
						TestTargetID = C1E7507B25834C7600395B8B;
					};
				};
			};
			buildConfigurationList = C1E7501F258342AB00395B8B /* Build configuration list for PBXProject "Cartools" */;
			compatibilityVersion = "Xcode 9.3";
			developmentRegion = en;
			hasScannedForEncodings = 0;
			knownRegions = (
				en,
				Base,
			);
			mainGroup = C1E7501B258342AB00395B8B;
			packageReferences = (
				C1E750322583432100395B8B /* XCRemoteSwiftPackageReference "swift-argument-parser" */,
			);
			productRefGroup = C1E75025258342AC00395B8B /* Products */;
			projectDirPath = "";
			projectRoot = "";
			targets = (
				2727F01A25D7DDDB0064380C /* Cartooldt */,
				C10B9AF525A6F93700B19334 /* CartoolKit */,
				C1E75023258342AC00395B8B /* cartool */,
				C1E7507B25834C7600395B8B /* Final Car Pro */,
				C1E75066258349C200395B8B /* CarPreview */,
				C1E7508C25834C7700395B8B /* ProTests */,
				C1E7509725834C7700395B8B /* ProUITests */,
			);
		};
/* End PBXProject section */

/* Begin PBXResourcesBuildPhase section */
		C10B9AF425A6F93700B19334 /* Resources */ = {
			isa = PBXResourcesBuildPhase;
			buildActionMask = 2147483647;
			files = (
			);
			runOnlyForDeploymentPostprocessing = 0;
		};
		C1E75065258349C200395B8B /* Resources */ = {
			isa = PBXResourcesBuildPhase;
			buildActionMask = 2147483647;
			files = (
				C1E75070258349C200395B8B /* PreviewViewController.xib in Resources */,
			);
			runOnlyForDeploymentPostprocessing = 0;
		};
		C1E7507A25834C7600395B8B /* Resources */ = {
			isa = PBXResourcesBuildPhase;
			buildActionMask = 2147483647;
			files = (
				27A52C1C25D6AE96004DDAAB /* SidebarViewItem.xib in Resources */,
				C15A4EC925AD5317008C70E3 /* RenditionViewItem.xib in Resources */,
				C157C05325AC223D00807357 /* Assets.xcassets in Resources */,
				C157C05525AC223D00807357 /* Main.storyboard in Resources */,
			);
			runOnlyForDeploymentPostprocessing = 0;
		};
		C1E7508B25834C7700395B8B /* Resources */ = {
			isa = PBXResourcesBuildPhase;
			buildActionMask = 2147483647;
			files = (
			);
			runOnlyForDeploymentPostprocessing = 0;
		};
		C1E7509625834C7700395B8B /* Resources */ = {
			isa = PBXResourcesBuildPhase;
			buildActionMask = 2147483647;
			files = (
			);
			runOnlyForDeploymentPostprocessing = 0;
		};
/* End PBXResourcesBuildPhase section */

/* Begin PBXSourcesBuildPhase section */
		2727F01825D7DDDB0064380C /* Sources */ = {
			isa = PBXSourcesBuildPhase;
			buildActionMask = 2147483647;
			files = (
				2727F03F25D7DE550064380C /* Errors.swift in Sources */,
				2727F03C25D7DE550064380C /* CoreUIExt.swift in Sources */,
				2727F04325D7DE550064380C /* CocoaExt.swift in Sources */,
				2727F03D25D7DE550064380C /* CoreSVG.swift in Sources */,
				2727F04125D7DE550064380C /* CarReader.swift in Sources */,
				2727F03E25D7DE550064380C /* Car.swift in Sources */,
				2727F12F25D7F2D50064380C /* Rendition.swift in Sources */,
			);
			runOnlyForDeploymentPostprocessing = 0;
		};
		C10B9AF225A6F93700B19334 /* Sources */ = {
			isa = PBXSourcesBuildPhase;
			buildActionMask = 2147483647;
			files = (
				27308B8925D59459008494FA /* CoreSVG.swift in Sources */,
				C157BFC425A81B8900807357 /* CarReader.swift in Sources */,
				C15A4E5A25AC8BC7008C70E3 /* Rendition.swift in Sources */,
				C1F918F325AEEFF600E7A24F /* CocoaExt.swift in Sources */,
				C157BFE225A85BFA00807357 /* Car.swift in Sources */,
				C15A4E4425AC7D72008C70E3 /* CoreUIExt.swift in Sources */,
				C157BFF325A86CFC00807357 /* Errors.swift in Sources */,
			);
			runOnlyForDeploymentPostprocessing = 0;
		};
		C1E75020258342AC00395B8B /* Sources */ = {
			isa = PBXSourcesBuildPhase;
			buildActionMask = 2147483647;
			files = (
				C1E750FA258351E800395B8B /* main.swift in Sources */,
			);
			runOnlyForDeploymentPostprocessing = 0;
		};
		C1E75063258349C200395B8B /* Sources */ = {
			isa = PBXSourcesBuildPhase;
			buildActionMask = 2147483647;
			files = (
				C1E7506D258349C200395B8B /* PreviewViewController.swift in Sources */,
			);
			runOnlyForDeploymentPostprocessing = 0;
		};
		C1E7507825834C7600395B8B /* Sources */ = {
			isa = PBXSourcesBuildPhase;
			buildActionMask = 2147483647;
			files = (
				C15A4E8C25AC91F7008C70E3 /* SidebarViewController.swift in Sources */,
				C1F9192525AF1FD500E7A24F /* RenditionCollectionViewController.swift in Sources */,
				27A52C1425D6AE76004DDAAB /* SidebarViewItem.swift in Sources */,
				27A52C5C25D6C2B5004DDAAB /* CocoaExt.swift in Sources */,
				C157C05625AC223D00807357 /* AppDelegate.swift in Sources */,
				27806C8525D5042B0007A62B /* RenditionViewController.swift in Sources */,
				C18B621125AEB096009BF36D /* SharedPreference.swift in Sources */,
				27A52C4225D6B989004DDAAB /* SidebarLayout.swift in Sources */,
				C15A4E7125AC8F90008C70E3 /* MainWindowController.swift in Sources */,
				C1F918C525AEE67200E7A24F /* Document.swift in Sources */,
				C157C05725AC223D00807357 /* Unarchiver.swift in Sources */,
				27A52C0625D6A670004DDAAB /* MainPageInteractor.swift in Sources */,
				C1F918E825AEEF9800E7A24F /* DocumentController.swift in Sources */,
				C15A4E9F25AC92E8008C70E3 /* RenditionCollectionLayout.swift in Sources */,
				2727EF3725D6FDB80064380C /* SidebarCategory.swift in Sources */,
				C15A4EA625AC935C008C70E3 /* CollectionViewDataProvider.swift in Sources */,
				C15A4E9825AC92CB008C70E3 /* RenditionViewItem.swift in Sources */,
				C13D2BA225B000C1004894E8 /* MainPageViewController.swift in Sources */,
			);
			runOnlyForDeploymentPostprocessing = 0;
		};
		C1E7508925834C7700395B8B /* Sources */ = {
			isa = PBXSourcesBuildPhase;
			buildActionMask = 2147483647;
			files = (
				C157C08325AC226F00807357 /* ProTests.swift in Sources */,
			);
			runOnlyForDeploymentPostprocessing = 0;
		};
		C1E7509425834C7700395B8B /* Sources */ = {
			isa = PBXSourcesBuildPhase;
			buildActionMask = 2147483647;
			files = (
				C157C08C25AC227A00807357 /* UITests.swift in Sources */,
				C157C0B225AC231700807357 /* CartoolKitTests.swift in Sources */,
			);
			runOnlyForDeploymentPostprocessing = 0;
		};
/* End PBXSourcesBuildPhase section */

/* Begin PBXTargetDependency section */
		2727F0FC25D7F1990064380C /* PBXTargetDependency */ = {
			isa = PBXTargetDependency;
			target = C10B9AF525A6F93700B19334 /* CartoolKit */;
			targetProxy = 2727F0FB25D7F1990064380C /* PBXContainerItemProxy */;
		};
		2727F15825D7F3B80064380C /* PBXTargetDependency */ = {
			isa = PBXTargetDependency;
			target = 2727F01A25D7DDDB0064380C /* Cartooldt */;
			targetProxy = 2727F15725D7F3B80064380C /* PBXContainerItemProxy */;
		};
		C1E7508F25834C7700395B8B /* PBXTargetDependency */ = {
			isa = PBXTargetDependency;
			target = C1E7507B25834C7600395B8B /* Final Car Pro */;
			targetProxy = C1E7508E25834C7700395B8B /* PBXContainerItemProxy */;
		};
		C1E7509A25834C7700395B8B /* PBXTargetDependency */ = {
			isa = PBXTargetDependency;
			target = C1E7507B25834C7600395B8B /* Final Car Pro */;
			targetProxy = C1E7509925834C7700395B8B /* PBXContainerItemProxy */;
		};
		C1F9193125AF1FF300E7A24F /* PBXTargetDependency */ = {
			isa = PBXTargetDependency;
			target = C10B9AF525A6F93700B19334 /* CartoolKit */;
			targetProxy = C1F9193025AF1FF300E7A24F /* PBXContainerItemProxy */;
		};
/* End PBXTargetDependency section */

/* Begin PBXVariantGroup section */
		C157C04B25AC223D00807357 /* Main.storyboard */ = {
			isa = PBXVariantGroup;
			children = (
				C157C04C25AC223D00807357 /* Base */,
			);
			name = Main.storyboard;
			sourceTree = "<group>";
		};
		C1E7506E258349C200395B8B /* PreviewViewController.xib */ = {
			isa = PBXVariantGroup;
			children = (
				C1E7506F258349C200395B8B /* Base */,
			);
			name = PreviewViewController.xib;
			sourceTree = "<group>";
		};
/* End PBXVariantGroup section */

/* Begin XCBuildConfiguration section */
		2727F02125D7DDDB0064380C /* Debug */ = {
			isa = XCBuildConfiguration;
			buildSettings = {
				ALWAYS_SEARCH_USER_PATHS = NO;
				CODE_SIGN_STYLE = Automatic;
				EXECUTABLE_PREFIX = lib;
				PRODUCT_NAME = "$(TARGET_NAME)";
				SKIP_INSTALL = YES;
			};
			name = Debug;
		};
		2727F02225D7DDDB0064380C /* Release */ = {
			isa = XCBuildConfiguration;
			buildSettings = {
				ALWAYS_SEARCH_USER_PATHS = NO;
				CODE_SIGN_STYLE = Automatic;
				EXECUTABLE_PREFIX = lib;
				PRODUCT_NAME = "$(TARGET_NAME)";
				SKIP_INSTALL = YES;
			};
			name = Release;
		};
		C10B9B0E25A6F93700B19334 /* Debug */ = {
			isa = XCBuildConfiguration;
			buildSettings = {
				CLANG_ENABLE_MODULES = YES;
				CODE_SIGN_IDENTITY = "";
				CODE_SIGN_STYLE = Manual;
				COMBINE_HIDPI_IMAGES = YES;
				CURRENT_PROJECT_VERSION = 1;
				DEFINES_MODULE = YES;
				DEVELOPMENT_TEAM = "";
				DYLIB_COMPATIBILITY_VERSION = 1;
				DYLIB_CURRENT_VERSION = 1;
				DYLIB_INSTALL_NAME_BASE = "@rpath";
				INFOPLIST_FILE = cartooldt/Info.plist;
				INSTALL_PATH = "$(LOCAL_LIBRARY_DIR)/Frameworks";
				LD_RUNPATH_SEARCH_PATHS = (
					"$(inherited)",
					"@executable_path/../Frameworks",
					"@loader_path/Frameworks",
				);
				PRODUCT_BUNDLE_IDENTIFIER = com.showxdxu.dt.CartoolKit;
				PRODUCT_NAME = "$(TARGET_NAME:c99extidentifier)";
				PROVISIONING_PROFILE_SPECIFIER = "";
				SKIP_INSTALL = YES;
				SWIFT_OPTIMIZATION_LEVEL = "-Onone";
				SWIFT_VERSION = 5.0;
				VERSIONING_SYSTEM = "apple-generic";
				VERSION_INFO_PREFIX = "";
			};
			name = Debug;
		};
		C10B9B0F25A6F93700B19334 /* Release */ = {
			isa = XCBuildConfiguration;
			buildSettings = {
				CLANG_ENABLE_MODULES = YES;
				CODE_SIGN_IDENTITY = "";
				CODE_SIGN_STYLE = Manual;
				COMBINE_HIDPI_IMAGES = YES;
				CURRENT_PROJECT_VERSION = 1;
				DEFINES_MODULE = YES;
				DEVELOPMENT_TEAM = "";
				DYLIB_COMPATIBILITY_VERSION = 1;
				DYLIB_CURRENT_VERSION = 1;
				DYLIB_INSTALL_NAME_BASE = "@rpath";
				INFOPLIST_FILE = cartooldt/Info.plist;
				INSTALL_PATH = "$(LOCAL_LIBRARY_DIR)/Frameworks";
				LD_RUNPATH_SEARCH_PATHS = (
					"$(inherited)",
					"@executable_path/../Frameworks",
					"@loader_path/Frameworks",
				);
				PRODUCT_BUNDLE_IDENTIFIER = com.showxdxu.dt.CartoolKit;
				PRODUCT_NAME = "$(TARGET_NAME:c99extidentifier)";
				PROVISIONING_PROFILE_SPECIFIER = "";
				SKIP_INSTALL = YES;
				SWIFT_VERSION = 5.0;
				VERSIONING_SYSTEM = "apple-generic";
				VERSION_INFO_PREFIX = "";
			};
			name = Release;
		};
		C1E75029258342AC00395B8B /* Debug */ = {
			isa = XCBuildConfiguration;
			baseConfigurationReference = C18D052F25A7014B006E7EB9 /* Cartools.xcconfig */;
			buildSettings = {
				CLANG_ANALYZER_LOCALIZABILITY_NONLOCALIZED = YES;
				CLANG_ANALYZER_NONNULL = YES;
				CLANG_ANALYZER_NUMBER_OBJECT_CONVERSION = YES_AGGRESSIVE;
				CLANG_CXX_LANGUAGE_STANDARD = "gnu++14";
				CLANG_CXX_LIBRARY = "libc++";
				CLANG_ENABLE_MODULES = YES;
				CLANG_ENABLE_OBJC_ARC = YES;
				CLANG_ENABLE_OBJC_WEAK = YES;
				CLANG_WARN_BLOCK_CAPTURE_AUTORELEASING = YES;
				CLANG_WARN_BOOL_CONVERSION = YES;
				CLANG_WARN_COMMA = YES;
				CLANG_WARN_CONSTANT_CONVERSION = YES;
				CLANG_WARN_DEPRECATED_OBJC_IMPLEMENTATIONS = YES;
				CLANG_WARN_DIRECT_OBJC_ISA_USAGE = YES_ERROR;
				CLANG_WARN_DOCUMENTATION_COMMENTS = YES;
				CLANG_WARN_EMPTY_BODY = YES;
				CLANG_WARN_ENUM_CONVERSION = YES;
				CLANG_WARN_INFINITE_RECURSION = YES;
				CLANG_WARN_INT_CONVERSION = YES;
				CLANG_WARN_NON_LITERAL_NULL_CONVERSION = YES;
				CLANG_WARN_OBJC_IMPLICIT_RETAIN_SELF = YES;
				CLANG_WARN_OBJC_LITERAL_CONVERSION = YES;
				CLANG_WARN_OBJC_ROOT_CLASS = YES_ERROR;
				CLANG_WARN_QUOTED_INCLUDE_IN_FRAMEWORK_HEADER = YES;
				CLANG_WARN_RANGE_LOOP_ANALYSIS = YES;
				CLANG_WARN_STRICT_PROTOTYPES = YES;
				CLANG_WARN_SUSPICIOUS_MOVE = YES;
				CLANG_WARN_UNGUARDED_AVAILABILITY = YES_AGGRESSIVE;
				CLANG_WARN_UNREACHABLE_CODE = YES;
				CLANG_WARN__DUPLICATE_METHOD_MATCH = YES;
				COPY_PHASE_STRIP = NO;
				DEBUG_INFORMATION_FORMAT = dwarf;
				ENABLE_STRICT_OBJC_MSGSEND = YES;
				ENABLE_TESTABILITY = YES;
				GCC_C_LANGUAGE_STANDARD = gnu11;
				GCC_DYNAMIC_NO_PIC = NO;
				GCC_NO_COMMON_BLOCKS = YES;
				GCC_OPTIMIZATION_LEVEL = 0;
				GCC_PREPROCESSOR_DEFINITIONS = (
					"DEBUG=1",
					"$(inherited)",
				);
				GCC_WARN_64_TO_32_BIT_CONVERSION = YES;
				GCC_WARN_ABOUT_RETURN_TYPE = YES_ERROR;
				GCC_WARN_UNDECLARED_SELECTOR = YES;
				GCC_WARN_UNINITIALIZED_AUTOS = YES_AGGRESSIVE;
				GCC_WARN_UNUSED_FUNCTION = YES;
				GCC_WARN_UNUSED_VARIABLE = YES;
				MTL_ENABLE_DEBUG_INFO = INCLUDE_SOURCE;
				MTL_FAST_MATH = YES;
				ONLY_ACTIVE_ARCH = YES;
				SDKROOT = macosx;
				SWIFT_ACTIVE_COMPILATION_CONDITIONS = DEBUG;
				SWIFT_INCLUDE_PATHS = "$(inherited) $(SRCROOT)/PrivateFrameworks/CoreThemeDefinition.framework $(SRCROOT)/PrivateFrameworks/CoreUI.framework/";
				SWIFT_OPTIMIZATION_LEVEL = "-Onone";
			};
			name = Debug;
		};
		C1E7502A258342AC00395B8B /* Release */ = {
			isa = XCBuildConfiguration;
			baseConfigurationReference = C18D052F25A7014B006E7EB9 /* Cartools.xcconfig */;
			buildSettings = {
				CLANG_ANALYZER_LOCALIZABILITY_NONLOCALIZED = YES;
				CLANG_ANALYZER_NONNULL = YES;
				CLANG_ANALYZER_NUMBER_OBJECT_CONVERSION = YES_AGGRESSIVE;
				CLANG_CXX_LANGUAGE_STANDARD = "gnu++14";
				CLANG_CXX_LIBRARY = "libc++";
				CLANG_ENABLE_MODULES = YES;
				CLANG_ENABLE_OBJC_ARC = YES;
				CLANG_ENABLE_OBJC_WEAK = YES;
				CLANG_WARN_BLOCK_CAPTURE_AUTORELEASING = YES;
				CLANG_WARN_BOOL_CONVERSION = YES;
				CLANG_WARN_COMMA = YES;
				CLANG_WARN_CONSTANT_CONVERSION = YES;
				CLANG_WARN_DEPRECATED_OBJC_IMPLEMENTATIONS = YES;
				CLANG_WARN_DIRECT_OBJC_ISA_USAGE = YES_ERROR;
				CLANG_WARN_DOCUMENTATION_COMMENTS = YES;
				CLANG_WARN_EMPTY_BODY = YES;
				CLANG_WARN_ENUM_CONVERSION = YES;
				CLANG_WARN_INFINITE_RECURSION = YES;
				CLANG_WARN_INT_CONVERSION = YES;
				CLANG_WARN_NON_LITERAL_NULL_CONVERSION = YES;
				CLANG_WARN_OBJC_IMPLICIT_RETAIN_SELF = YES;
				CLANG_WARN_OBJC_LITERAL_CONVERSION = YES;
				CLANG_WARN_OBJC_ROOT_CLASS = YES_ERROR;
				CLANG_WARN_QUOTED_INCLUDE_IN_FRAMEWORK_HEADER = YES;
				CLANG_WARN_RANGE_LOOP_ANALYSIS = YES;
				CLANG_WARN_STRICT_PROTOTYPES = YES;
				CLANG_WARN_SUSPICIOUS_MOVE = YES;
				CLANG_WARN_UNGUARDED_AVAILABILITY = YES_AGGRESSIVE;
				CLANG_WARN_UNREACHABLE_CODE = YES;
				CLANG_WARN__DUPLICATE_METHOD_MATCH = YES;
				COPY_PHASE_STRIP = NO;
				DEBUG_INFORMATION_FORMAT = "dwarf-with-dsym";
				ENABLE_NS_ASSERTIONS = NO;
				ENABLE_STRICT_OBJC_MSGSEND = YES;
				GCC_C_LANGUAGE_STANDARD = gnu11;
				GCC_NO_COMMON_BLOCKS = YES;
				GCC_WARN_64_TO_32_BIT_CONVERSION = YES;
				GCC_WARN_ABOUT_RETURN_TYPE = YES_ERROR;
				GCC_WARN_UNDECLARED_SELECTOR = YES;
				GCC_WARN_UNINITIALIZED_AUTOS = YES_AGGRESSIVE;
				GCC_WARN_UNUSED_FUNCTION = YES;
				GCC_WARN_UNUSED_VARIABLE = YES;
				MTL_ENABLE_DEBUG_INFO = NO;
				MTL_FAST_MATH = YES;
				SDKROOT = macosx;
				SWIFT_COMPILATION_MODE = wholemodule;
				SWIFT_INCLUDE_PATHS = "$(inherited) $(SRCROOT)/PrivateFrameworks/CoreThemeDefinition.framework $(SRCROOT)/PrivateFrameworks/CoreUI.framework/";
				SWIFT_OPTIMIZATION_LEVEL = "-O";
			};
			name = Release;
		};
		C1E7502C258342AC00395B8B /* Debug */ = {
			isa = XCBuildConfiguration;
			buildSettings = {
				CODE_SIGN_IDENTITY = "-";
				CODE_SIGN_STYLE = Manual;
				DEVELOPMENT_TEAM = "";
				ENABLE_HARDENED_RUNTIME = NO;
				PRODUCT_NAME = "$(TARGET_NAME)";
				PROVISIONING_PROFILE_SPECIFIER = "";
			};
			name = Debug;
		};
		C1E7502D258342AC00395B8B /* Release */ = {
			isa = XCBuildConfiguration;
			buildSettings = {
				CODE_SIGN_IDENTITY = "-";
				CODE_SIGN_STYLE = Manual;
				DEVELOPMENT_TEAM = "";
				ENABLE_HARDENED_RUNTIME = NO;
				PRODUCT_NAME = "$(TARGET_NAME)";
				PROVISIONING_PROFILE_SPECIFIER = "";
			};
			name = Release;
		};
		C1E75074258349C200395B8B /* Debug */ = {
			isa = XCBuildConfiguration;
			buildSettings = {
				CODE_SIGN_ENTITLEMENTS = PreviewAppex/CarPreview.entitlements;
				CODE_SIGN_IDENTITY = "-";
				CODE_SIGN_STYLE = Manual;
				DEVELOPMENT_TEAM = "";
				ENABLE_HARDENED_RUNTIME = YES;
				FRAMEWORK_SEARCH_PATHS = (
					"$(inherited)",
					"$(PROJECT_DIR)/PrivateFrameworks",
				);
				INFOPLIST_FILE = "$(SRCROOT)/PreviewAppex/Info.plist";
				LD_RUNPATH_SEARCH_PATHS = (
					"$(inherited)",
					"@executable_path/../Frameworks",
					"@executable_path/../../../../Frameworks",
				);
				PRODUCT_BUNDLE_IDENTIFIER = com.showxdxu.dt.FinalCarPro.CarPreview;
				PRODUCT_NAME = "$(TARGET_NAME)";
				PROVISIONING_PROFILE_SPECIFIER = "";
				SKIP_INSTALL = YES;
				SWIFT_VERSION = 5.0;
			};
			name = Debug;
		};
		C1E75075258349C200395B8B /* Release */ = {
			isa = XCBuildConfiguration;
			buildSettings = {
				CODE_SIGN_ENTITLEMENTS = PreviewAppex/CarPreview.entitlements;
				CODE_SIGN_IDENTITY = "-";
				CODE_SIGN_STYLE = Manual;
				DEVELOPMENT_TEAM = "";
				ENABLE_HARDENED_RUNTIME = YES;
				FRAMEWORK_SEARCH_PATHS = (
					"$(inherited)",
					"$(PROJECT_DIR)/PrivateFrameworks",
				);
				INFOPLIST_FILE = "$(SRCROOT)/PreviewAppex/Info.plist";
				LD_RUNPATH_SEARCH_PATHS = (
					"$(inherited)",
					"@executable_path/../Frameworks",
					"@executable_path/../../../../Frameworks",
				);
				PRODUCT_BUNDLE_IDENTIFIER = com.showxdxu.dt.FinalCarPro.CarPreview;
				PRODUCT_NAME = "$(TARGET_NAME)";
				PROVISIONING_PROFILE_SPECIFIER = "";
				SKIP_INSTALL = YES;
				SWIFT_VERSION = 5.0;
			};
			name = Release;
		};
		C1E750A025834C7700395B8B /* Debug */ = {
			isa = XCBuildConfiguration;
			buildSettings = {
				ASSETCATALOG_COMPILER_APPICON_NAME = AppIcon;
				ASSETCATALOG_COMPILER_GLOBAL_ACCENT_COLOR_NAME = AccentColor;
				CODE_SIGN_ENTITLEMENTS = CarPro/FinalCarPro.entitlements;
				CODE_SIGN_IDENTITY = "-";
				CODE_SIGN_STYLE = Manual;
				COMBINE_HIDPI_IMAGES = YES;
				DEVELOPMENT_TEAM = "";
				INFOPLIST_FILE = "$(SRCROOT)/CarPro/Info.plist";
				LD_RUNPATH_SEARCH_PATHS = (
					"$(inherited)",
					"@executable_path/../Frameworks",
				);
				PRODUCT_BUNDLE_IDENTIFIER = com.showxdxu.dt.FinalCarPro;
				PRODUCT_NAME = "$(TARGET_NAME)";
				PROVISIONING_PROFILE_SPECIFIER = "";
				SWIFT_VERSION = 5.0;
			};
			name = Debug;
		};
		C1E750A125834C7700395B8B /* Release */ = {
			isa = XCBuildConfiguration;
			buildSettings = {
				ASSETCATALOG_COMPILER_APPICON_NAME = AppIcon;
				ASSETCATALOG_COMPILER_GLOBAL_ACCENT_COLOR_NAME = AccentColor;
				CODE_SIGN_ENTITLEMENTS = CarPro/FinalCarPro.entitlements;
				CODE_SIGN_IDENTITY = "-";
				CODE_SIGN_STYLE = Manual;
				COMBINE_HIDPI_IMAGES = YES;
				DEVELOPMENT_TEAM = "";
				ENABLE_HARDENED_RUNTIME = YES;
				INFOPLIST_FILE = "$(SRCROOT)/CarPro/Info.plist";
				LD_RUNPATH_SEARCH_PATHS = (
					"$(inherited)",
					"@executable_path/../Frameworks",
				);
				PRODUCT_BUNDLE_IDENTIFIER = com.showxdxu.dt.FinalCarPro;
				PRODUCT_NAME = "$(TARGET_NAME)";
				PROVISIONING_PROFILE_SPECIFIER = "";
				SWIFT_VERSION = 5.0;
			};
			name = Release;
		};
		C1E750A325834C7700395B8B /* Debug */ = {
			isa = XCBuildConfiguration;
			buildSettings = {
				ALWAYS_EMBED_SWIFT_STANDARD_LIBRARIES = YES;
				BUNDLE_LOADER = "$(TEST_HOST)";
				CODE_SIGN_STYLE = Manual;
				COMBINE_HIDPI_IMAGES = YES;
				DEVELOPMENT_TEAM = "";
				INFOPLIST_FILE = Tests/Info.plist;
				LD_RUNPATH_SEARCH_PATHS = (
					"$(inherited)",
					"@executable_path/../Frameworks",
					"@loader_path/../Frameworks",
				);
				PRODUCT_BUNDLE_IDENTIFIER = com.showxdxu.dt.FinalCarProTests;
				PRODUCT_NAME = "$(TARGET_NAME)";
				PROVISIONING_PROFILE_SPECIFIER = "";
				SWIFT_VERSION = 5.0;
				TEST_HOST = "$(BUILT_PRODUCTS_DIR)/Final Car Pro.app/Contents/MacOS/Final Car Pro";
			};
			name = Debug;
		};
		C1E750A425834C7700395B8B /* Release */ = {
			isa = XCBuildConfiguration;
			buildSettings = {
				ALWAYS_EMBED_SWIFT_STANDARD_LIBRARIES = YES;
				BUNDLE_LOADER = "$(TEST_HOST)";
				CODE_SIGN_STYLE = Manual;
				COMBINE_HIDPI_IMAGES = YES;
				DEVELOPMENT_TEAM = "";
				INFOPLIST_FILE = Tests/Info.plist;
				LD_RUNPATH_SEARCH_PATHS = (
					"$(inherited)",
					"@executable_path/../Frameworks",
					"@loader_path/../Frameworks",
				);
				PRODUCT_BUNDLE_IDENTIFIER = com.showxdxu.dt.FinalCarProTests;
				PRODUCT_NAME = "$(TARGET_NAME)";
				PROVISIONING_PROFILE_SPECIFIER = "";
				SWIFT_VERSION = 5.0;
				TEST_HOST = "$(BUILT_PRODUCTS_DIR)/Final Car Pro.app/Contents/MacOS/Final Car Pro";
			};
			name = Release;
		};
		C1E750A625834C7700395B8B /* Debug */ = {
			isa = XCBuildConfiguration;
			buildSettings = {
				ALWAYS_EMBED_SWIFT_STANDARD_LIBRARIES = YES;
				CODE_SIGN_STYLE = Manual;
				COMBINE_HIDPI_IMAGES = YES;
				DEVELOPMENT_TEAM = "";
				INFOPLIST_FILE = UITests/Info.plist;
				LD_RUNPATH_SEARCH_PATHS = (
					"$(inherited)",
					"@executable_path/../Frameworks",
					"@loader_path/../Frameworks",
				);
				PRODUCT_BUNDLE_IDENTIFIER = com.showxdxu.dt.FinalCarProUITests;
				PRODUCT_NAME = "$(TARGET_NAME)";
				PROVISIONING_PROFILE_SPECIFIER = "";
				SWIFT_VERSION = 5.0;
				TEST_TARGET_NAME = "Final Car Pro";
			};
			name = Debug;
		};
		C1E750A725834C7700395B8B /* Release */ = {
			isa = XCBuildConfiguration;
			buildSettings = {
				ALWAYS_EMBED_SWIFT_STANDARD_LIBRARIES = YES;
				CODE_SIGN_STYLE = Manual;
				COMBINE_HIDPI_IMAGES = YES;
				DEVELOPMENT_TEAM = "";
				INFOPLIST_FILE = UITests/Info.plist;
				LD_RUNPATH_SEARCH_PATHS = (
					"$(inherited)",
					"@executable_path/../Frameworks",
					"@loader_path/../Frameworks",
				);
				PRODUCT_BUNDLE_IDENTIFIER = com.showxdxu.dt.FinalCarProUITests;
				PRODUCT_NAME = "$(TARGET_NAME)";
				PROVISIONING_PROFILE_SPECIFIER = "";
				SWIFT_VERSION = 5.0;
				TEST_TARGET_NAME = "Final Car Pro";
			};
			name = Release;
		};
/* End XCBuildConfiguration section */

/* Begin XCConfigurationList section */
		2727F02325D7DDDB0064380C /* Build configuration list for PBXNativeTarget "Cartooldt" */ = {
			isa = XCConfigurationList;
			buildConfigurations = (
				2727F02125D7DDDB0064380C /* Debug */,
				2727F02225D7DDDB0064380C /* Release */,
			);
			defaultConfigurationIsVisible = 0;
			defaultConfigurationName = Release;
		};
		C10B9B0D25A6F93700B19334 /* Build configuration list for PBXNativeTarget "CartoolKit" */ = {
			isa = XCConfigurationList;
			buildConfigurations = (
				C10B9B0E25A6F93700B19334 /* Debug */,
				C10B9B0F25A6F93700B19334 /* Release */,
			);
			defaultConfigurationIsVisible = 0;
			defaultConfigurationName = Release;
		};
		C1E7501F258342AB00395B8B /* Build configuration list for PBXProject "Cartools" */ = {
			isa = XCConfigurationList;
			buildConfigurations = (
				C1E75029258342AC00395B8B /* Debug */,
				C1E7502A258342AC00395B8B /* Release */,
			);
			defaultConfigurationIsVisible = 0;
			defaultConfigurationName = Release;
		};
		C1E7502B258342AC00395B8B /* Build configuration list for PBXNativeTarget "cartool" */ = {
			isa = XCConfigurationList;
			buildConfigurations = (
				C1E7502C258342AC00395B8B /* Debug */,
				C1E7502D258342AC00395B8B /* Release */,
			);
			defaultConfigurationIsVisible = 0;
			defaultConfigurationName = Release;
		};
		C1E75073258349C200395B8B /* Build configuration list for PBXNativeTarget "CarPreview" */ = {
			isa = XCConfigurationList;
			buildConfigurations = (
				C1E75074258349C200395B8B /* Debug */,
				C1E75075258349C200395B8B /* Release */,
			);
			defaultConfigurationIsVisible = 0;
			defaultConfigurationName = Release;
		};
		C1E7509F25834C7700395B8B /* Build configuration list for PBXNativeTarget "Final Car Pro" */ = {
			isa = XCConfigurationList;
			buildConfigurations = (
				C1E750A025834C7700395B8B /* Debug */,
				C1E750A125834C7700395B8B /* Release */,
			);
			defaultConfigurationIsVisible = 0;
			defaultConfigurationName = Release;
		};
		C1E750A225834C7700395B8B /* Build configuration list for PBXNativeTarget "ProTests" */ = {
			isa = XCConfigurationList;
			buildConfigurations = (
				C1E750A325834C7700395B8B /* Debug */,
				C1E750A425834C7700395B8B /* Release */,
			);
			defaultConfigurationIsVisible = 0;
			defaultConfigurationName = Release;
		};
		C1E750A525834C7700395B8B /* Build configuration list for PBXNativeTarget "ProUITests" */ = {
			isa = XCConfigurationList;
			buildConfigurations = (
				C1E750A625834C7700395B8B /* Debug */,
				C1E750A725834C7700395B8B /* Release */,
			);
			defaultConfigurationIsVisible = 0;
			defaultConfigurationName = Release;
		};
/* End XCConfigurationList section */

/* Begin XCRemoteSwiftPackageReference section */
		C1E750322583432100395B8B /* XCRemoteSwiftPackageReference "swift-argument-parser" */ = {
			isa = XCRemoteSwiftPackageReference;
			repositoryURL = "https://github.com/apple/swift-argument-parser";
			requirement = {
				kind = upToNextMajorVersion;
				minimumVersion = 0.3.1;
			};
		};
/* End XCRemoteSwiftPackageReference section */

/* Begin XCSwiftPackageProductDependency section */
		2727F08625D7ECD70064380C /* ArgumentParser */ = {
			isa = XCSwiftPackageProductDependency;
			package = C1E750322583432100395B8B /* XCRemoteSwiftPackageReference "swift-argument-parser" */;
			productName = ArgumentParser;
		};
/* End XCSwiftPackageProductDependency section */
	};
	rootObject = C1E7501C258342AB00395B8B /* Project object */;
}
